
Microsoft Visual Studio Solution File, Format Version 12.00
# Visual Studio Version 17
VisualStudioVersion = 17.8.34601.278
MinimumVisualStudioVersion = 10.0.40219.1
Project("{9A19103F-16F7-4668-BE54-9A1E7A4F7556}") = "DataAccess", "DataAccess\DataAccess.csproj", "{ECF8E966-2D72-43CF-A90A-CB937A04AEB3}"
EndProject
Project("{9A19103F-16F7-4668-BE54-9A1E7A4F7556}") = "Business", "Business\Business.csproj", "{FBD9BBAD-C275-4175-BE6A-2519D5D61462}"
EndProject
Project("{9A19103F-16F7-4668-BE54-9A1E7A4F7556}") = "Entities", "Entities\Entities.csproj", "{FCA0FD96-5783-49C0-B530-7830A6CA3E66}"
EndProject
Project("{9A19103F-16F7-4668-BE54-9A1E7A4F7556}") = "ConsoleUI", "ConsoleUI\ConsoleUI.csproj", "{5166E194-23CD-45F0-A914-55A8D150D995}"
EndProject
Project("{9A19103F-16F7-4668-BE54-9A1E7A4F7556}") = "Core", "Core\Core.csproj", "{2A487E98-93AD-4121-85DC-901ACB86EA50}"
EndProject
Project("{FAE04EC0-301F-11D3-BF4B-00C04F79EFBC}") = "WebAPI", "WebAPI\WebAPI.csproj", "{07C5B42F-7FAC-4469-A3CA-5601E3F9709F}"
EndProject
Global
	GlobalSection(SolutionConfigurationPlatforms) = preSolution
		Debug|Any CPU = Debug|Any CPU
		Release|Any CPU = Release|Any CPU
	EndGlobalSection
	GlobalSection(ProjectConfigurationPlatforms) = postSolution
		{ECF8E966-2D72-43CF-A90A-CB937A04AEB3}.Debug|Any CPU.ActiveCfg = Debug|Any CPU
		{ECF8E966-2D72-43CF-A90A-CB937A04AEB3}.Debug|Any CPU.Build.0 = Debug|Any CPU
		{ECF8E966-2D72-43CF-A90A-CB937A04AEB3}.Release|Any CPU.ActiveCfg = Release|Any CPU
		{ECF8E966-2D72-43CF-A90A-CB937A04AEB3}.Release|Any CPU.Build.0 = Release|Any CPU
		{FBD9BBAD-C275-4175-BE6A-2519D5D61462}.Debug|Any CPU.ActiveCfg = Debug|Any CPU
		{FBD9BBAD-C275-4175-BE6A-2519D5D61462}.Debug|Any CPU.Build.0 = Debug|Any CPU
		{FBD9BBAD-C275-4175-BE6A-2519D5D61462}.Release|Any CPU.ActiveCfg = Release|Any CPU
		{FBD9BBAD-C275-4175-BE6A-2519D5D61462}.Release|Any CPU.Build.0 = Release|Any CPU
		{FCA0FD96-5783-49C0-B530-7830A6CA3E66}.Debug|Any CPU.ActiveCfg = Debug|Any CPU
		{FCA0FD96-5783-49C0-B530-7830A6CA3E66}.Debug|Any CPU.Build.0 = Debug|Any CPU
		{FCA0FD96-5783-49C0-B530-7830A6CA3E66}.Release|Any CPU.ActiveCfg = Release|Any CPU
		{FCA0FD96-5783-49C0-B530-7830A6CA3E66}.Release|Any CPU.Build.0 = Release|Any CPU
		{5166E194-23CD-45F0-A914-55A8D150D995}.Debug|Any CPU.ActiveCfg = Debug|Any CPU
		{5166E194-23CD-45F0-A914-55A8D150D995}.Debug|Any CPU.Build.0 = Debug|Any CPU
		{5166E194-23CD-45F0-A914-55A8D150D995}.Release|Any CPU.ActiveCfg = Release|Any CPU
		{5166E194-23CD-45F0-A914-55A8D150D995}.Release|Any CPU.Build.0 = Release|Any CPU
		{2A487E98-93AD-4121-85DC-901ACB86EA50}.Debug|Any CPU.ActiveCfg = Debug|Any CPU
		{2A487E98-93AD-4121-85DC-901ACB86EA50}.Debug|Any CPU.Build.0 = Debug|Any CPU
		{2A487E98-93AD-4121-85DC-901ACB86EA50}.Release|Any CPU.ActiveCfg = Release|Any CPU
		{2A487E98-93AD-4121-85DC-901ACB86EA50}.Release|Any CPU.Build.0 = Release|Any CPU
		{07C5B42F-7FAC-4469-A3CA-5601E3F9709F}.Debug|Any CPU.ActiveCfg = Debug|Any CPU
		{07C5B42F-7FAC-4469-A3CA-5601E3F9709F}.Debug|Any CPU.Build.0 = Debug|Any CPU
		{07C5B42F-7FAC-4469-A3CA-5601E3F9709F}.Release|Any CPU.ActiveCfg = Release|Any CPU
		{07C5B42F-7FAC-4469-A3CA-5601E3F9709F}.Release|Any CPU.Build.0 = Release|Any CPU
	EndGlobalSection
	GlobalSection(SolutionProperties) = preSolution
		HideSolutionNode = FALSE
	EndGlobalSection
	GlobalSection(ExtensibilityGlobals) = postSolution
		SolutionGuid = {E976732A-7711-4D54-852E-8EED6A953CF9}
	EndGlobalSection
EndGlobal
